
Microsoft Visual Studio Solution File, Format Version 12.00
# Visual Studio Version 17
VisualStudioVersion = 17.13.35731.43 d17.13
MinimumVisualStudioVersion = 10.0.40219.1
Project("{FAE04EC0-301F-11D3-BF4B-00C04F79EFBC}") = "AdminRecursos", "AdminRecursos\AdminRecursos.csproj", "{1377F8BD-8FE3-4040-A387-27F9E3A95C7E}"
EndProject
Global
	GlobalSection(SolutionConfigurationPlatforms) = preSolution
		Debug|Any CPU = Debug|Any CPU
		Release|Any CPU = Release|Any CPU
	EndGlobalSection
	GlobalSection(ProjectConfigurationPlatforms) = postSolution
		{1377F8BD-8FE3-4040-A387-27F9E3A95C7E}.Debug|Any CPU.ActiveCfg = Debug|Any CPU
		{1377F8BD-8FE3-4040-A387-27F9E3A95C7E}.Debug|Any CPU.Build.0 = Debug|Any CPU
		{1377F8BD-8FE3-4040-A387-27F9E3A95C7E}.Release|Any CPU.ActiveCfg = Release|Any CPU
		{1377F8BD-8FE3-4040-A387-27F9E3A95C7E}.Release|Any CPU.Build.0 = Release|Any CPU
	EndGlobalSection
	GlobalSection(SolutionProperties) = preSolution
		HideSolutionNode = FALSE
	EndGlobalSection
	GlobalSection(ExtensibilityGlobals) = postSolution
		SolutionGuid = {97EE5F52-45D2-48A7-940F-13D35E81DBAE}
	EndGlobalSection
EndGlobal
